
Microsoft Visual Studio Solution File, Format Version 12.00
# Visual Studio 15
VisualStudioVersion = 15.0.28307.757
MinimumVisualStudioVersion = 10.0.40219.1
Project("{FAE04EC0-301F-11D3-BF4B-00C04F79EFBC}") = "RoverOnPlanet", "ClassLibrary1\RoverOnPlanet.csproj", "{C868D290-FE9F-4321-962B-FEF89F336C25}"
EndProject
Project("{9A19103F-16F7-4668-BE54-9A1E7A4F7556}") = "RoverOnPlanet.Test", "XUnitTestProject1\RoverOnPlanet.Test.csproj", "{BD9A5C81-F266-4408-A8C9-F1C5CFAE71DC}"
EndProject
Global
	GlobalSection(SolutionConfigurationPlatforms) = preSolution
		Debug|Any CPU = Debug|Any CPU
		Release|Any CPU = Release|Any CPU
	EndGlobalSection
	GlobalSection(ProjectConfigurationPlatforms) = postSolution
		{C868D290-FE9F-4321-962B-FEF89F336C25}.Debug|Any CPU.ActiveCfg = Debug|Any CPU
		{C868D290-FE9F-4321-962B-FEF89F336C25}.Debug|Any CPU.Build.0 = Debug|Any CPU
		{C868D290-FE9F-4321-962B-FEF89F336C25}.Release|Any CPU.ActiveCfg = Release|Any CPU
		{C868D290-FE9F-4321-962B-FEF89F336C25}.Release|Any CPU.Build.0 = Release|Any CPU
		{BD9A5C81-F266-4408-A8C9-F1C5CFAE71DC}.Debug|Any CPU.ActiveCfg = Debug|Any CPU
		{BD9A5C81-F266-4408-A8C9-F1C5CFAE71DC}.Debug|Any CPU.Build.0 = Debug|Any CPU
		{BD9A5C81-F266-4408-A8C9-F1C5CFAE71DC}.Release|Any CPU.ActiveCfg = Release|Any CPU
		{BD9A5C81-F266-4408-A8C9-F1C5CFAE71DC}.Release|Any CPU.Build.0 = Release|Any CPU
	EndGlobalSection
	GlobalSection(SolutionProperties) = preSolution
		HideSolutionNode = FALSE
	EndGlobalSection
	GlobalSection(ExtensibilityGlobals) = postSolution
		SolutionGuid = {D6C3D6CB-1FE4-400D-B483-272CF5339092}
	EndGlobalSection
EndGlobal
